
Microsoft Visual Studio Solution File, Format Version 12.00
Project("{2150E333-8FDC-42A3-9474-1A3956D46DE8}") = "Apps", "Apps", "{C83C800C-AF2F-4412-8579-D2EB13FEFF36}"
EndProject
Project("{FAE04EC0-301F-11D3-BF4B-00C04F79EFBC}") = "HightechAngular.Web", "Apps\HightechAngular.Web\HightechAngular.Web.csproj", "{E3752432-B129-4DD3-BA40-61A7C7A8BD06}"
EndProject
Project("{2150E333-8FDC-42A3-9474-1A3956D46DE8}") = "Data", "Data", "{F0F3D5B2-95EF-46DE-AAA0-B661922B0CDA}"
EndProject
Project("{2150E333-8FDC-42A3-9474-1A3956D46DE8}") = "Modules", "Modules", "{3C082DCE-3D2C-43FC-943D-9A79326D02E3}"
EndProject
Project("{FAE04EC0-301F-11D3-BF4B-00C04F79EFBC}") = "HightechAngular.Identity", "Modules\HightechAngular.Identity\HightechAngular.Identity.csproj", "{EA2E7709-9353-4F05-BEFA-88DFEF92A289}"
EndProject
Project("{FAE04EC0-301F-11D3-BF4B-00C04F79EFBC}") = "HightechAngular.Data", "Data\HightechAngular.Data\HightechAngular.Data.csproj", "{76E7D3E5-A1B0-4F50-A9DB-F90912532CFB}"
EndProject
Project("{2150E333-8FDC-42A3-9474-1A3956D46DE8}") = "Libs", "Libs", "{0FF4290E-5A6D-4EED-8C3C-134A5391E2E2}"
EndProject
Project("{FAE04EC0-301F-11D3-BF4B-00C04F79EFBC}") = "Infrastructure", "infrastructure\Infrastructure\Infrastructure.csproj", "{46DE6BAA-2B69-4E9D-82F6-9AB2EDC72693}"
EndProject
Project("{FAE04EC0-301F-11D3-BF4B-00C04F79EFBC}") = "HightechAngular.Shop", "Modules\HightechAngular.Shop\HightechAngular.Shop.csproj", "{D6447F74-702E-41DA-8E03-D646AF00BC2D}"
EndProject
Project("{FAE04EC0-301F-11D3-BF4B-00C04F79EFBC}") = "HightechAngular.Admin", "Modules\HightechAngular.Admin\HightechAngular.Admin.csproj", "{FFACC677-0BB3-4BE0-9E5F-549EFAC84881}"
EndProject
Project("{FAE04EC0-301F-11D3-BF4B-00C04F79EFBC}") = "SwaggerSchema", "infrastructure\SwaggerSchema\SwaggerSchema.csproj", "{56A79706-420B-4AEF-8D9F-AD3443906F69}"
EndProject
Project("{FAE04EC0-301F-11D3-BF4B-00C04F79EFBC}") = "HightechAngular.Core", "Modules\HightechAngular.Core\HightechAngular.Core.csproj", "{6A298891-B59D-43F6-AAC3-5C21503AA3E5}"
EndProject
Project("{F2A71F9B-5D33-465A-A702-920D77279786}") = "FSharpDuDemo", "Apps\FSharpDuDemo\FSharpDuDemo.fsproj", "{C670C92E-DA3D-4155-AB77-AB067111F3E0}"
EndProject
Global
	GlobalSection(SolutionConfigurationPlatforms) = preSolution
		Debug|Any CPU = Debug|Any CPU
		Release|Any CPU = Release|Any CPU
	EndGlobalSection
	GlobalSection(ProjectConfigurationPlatforms) = postSolution
		{E3752432-B129-4DD3-BA40-61A7C7A8BD06}.Debug|Any CPU.ActiveCfg = Debug|Any CPU
		{E3752432-B129-4DD3-BA40-61A7C7A8BD06}.Debug|Any CPU.Build.0 = Debug|Any CPU
		{E3752432-B129-4DD3-BA40-61A7C7A8BD06}.Release|Any CPU.ActiveCfg = Release|Any CPU
		{E3752432-B129-4DD3-BA40-61A7C7A8BD06}.Release|Any CPU.Build.0 = Release|Any CPU
		{EA2E7709-9353-4F05-BEFA-88DFEF92A289}.Debug|Any CPU.ActiveCfg = Debug|Any CPU
		{EA2E7709-9353-4F05-BEFA-88DFEF92A289}.Debug|Any CPU.Build.0 = Debug|Any CPU
		{EA2E7709-9353-4F05-BEFA-88DFEF92A289}.Release|Any CPU.ActiveCfg = Release|Any CPU
		{EA2E7709-9353-4F05-BEFA-88DFEF92A289}.Release|Any CPU.Build.0 = Release|Any CPU
		{76E7D3E5-A1B0-4F50-A9DB-F90912532CFB}.Debug|Any CPU.ActiveCfg = Debug|Any CPU
		{76E7D3E5-A1B0-4F50-A9DB-F90912532CFB}.Debug|Any CPU.Build.0 = Debug|Any CPU
		{76E7D3E5-A1B0-4F50-A9DB-F90912532CFB}.Release|Any CPU.ActiveCfg = Release|Any CPU
		{76E7D3E5-A1B0-4F50-A9DB-F90912532CFB}.Release|Any CPU.Build.0 = Release|Any CPU
		{46DE6BAA-2B69-4E9D-82F6-9AB2EDC72693}.Debug|Any CPU.ActiveCfg = Debug|Any CPU
		{46DE6BAA-2B69-4E9D-82F6-9AB2EDC72693}.Debug|Any CPU.Build.0 = Debug|Any CPU
		{46DE6BAA-2B69-4E9D-82F6-9AB2EDC72693}.Release|Any CPU.ActiveCfg = Release|Any CPU
		{46DE6BAA-2B69-4E9D-82F6-9AB2EDC72693}.Release|Any CPU.Build.0 = Release|Any CPU
		{D6447F74-702E-41DA-8E03-D646AF00BC2D}.Debug|Any CPU.ActiveCfg = Debug|Any CPU
		{D6447F74-702E-41DA-8E03-D646AF00BC2D}.Debug|Any CPU.Build.0 = Debug|Any CPU
		{D6447F74-702E-41DA-8E03-D646AF00BC2D}.Release|Any CPU.ActiveCfg = Release|Any CPU
		{D6447F74-702E-41DA-8E03-D646AF00BC2D}.Release|Any CPU.Build.0 = Release|Any CPU
		{FFACC677-0BB3-4BE0-9E5F-549EFAC84881}.Debug|Any CPU.ActiveCfg = Debug|Any CPU
		{FFACC677-0BB3-4BE0-9E5F-549EFAC84881}.Debug|Any CPU.Build.0 = Debug|Any CPU
		{FFACC677-0BB3-4BE0-9E5F-549EFAC84881}.Release|Any CPU.ActiveCfg = Release|Any CPU
		{FFACC677-0BB3-4BE0-9E5F-549EFAC84881}.Release|Any CPU.Build.0 = Release|Any CPU
		{56A79706-420B-4AEF-8D9F-AD3443906F69}.Debug|Any CPU.ActiveCfg = Debug|Any CPU
		{56A79706-420B-4AEF-8D9F-AD3443906F69}.Debug|Any CPU.Build.0 = Debug|Any CPU
		{56A79706-420B-4AEF-8D9F-AD3443906F69}.Release|Any CPU.ActiveCfg = Release|Any CPU
		{56A79706-420B-4AEF-8D9F-AD3443906F69}.Release|Any CPU.Build.0 = Release|Any CPU
		{6A298891-B59D-43F6-AAC3-5C21503AA3E5}.Debug|Any CPU.ActiveCfg = Debug|Any CPU
		{6A298891-B59D-43F6-AAC3-5C21503AA3E5}.Debug|Any CPU.Build.0 = Debug|Any CPU
		{6A298891-B59D-43F6-AAC3-5C21503AA3E5}.Release|Any CPU.ActiveCfg = Release|Any CPU
		{6A298891-B59D-43F6-AAC3-5C21503AA3E5}.Release|Any CPU.Build.0 = Release|Any CPU
		{C670C92E-DA3D-4155-AB77-AB067111F3E0}.Debug|Any CPU.ActiveCfg = Debug|Any CPU
		{C670C92E-DA3D-4155-AB77-AB067111F3E0}.Debug|Any CPU.Build.0 = Debug|Any CPU
		{C670C92E-DA3D-4155-AB77-AB067111F3E0}.Release|Any CPU.ActiveCfg = Release|Any CPU
		{C670C92E-DA3D-4155-AB77-AB067111F3E0}.Release|Any CPU.Build.0 = Release|Any CPU
	EndGlobalSection
	GlobalSection(NestedProjects) = preSolution
		{E3752432-B129-4DD3-BA40-61A7C7A8BD06} = {C83C800C-AF2F-4412-8579-D2EB13FEFF36}
		{EA2E7709-9353-4F05-BEFA-88DFEF92A289} = {3C082DCE-3D2C-43FC-943D-9A79326D02E3}
		{76E7D3E5-A1B0-4F50-A9DB-F90912532CFB} = {F0F3D5B2-95EF-46DE-AAA0-B661922B0CDA}
		{46DE6BAA-2B69-4E9D-82F6-9AB2EDC72693} = {0FF4290E-5A6D-4EED-8C3C-134A5391E2E2}
		{D6447F74-702E-41DA-8E03-D646AF00BC2D} = {3C082DCE-3D2C-43FC-943D-9A79326D02E3}
		{FFACC677-0BB3-4BE0-9E5F-549EFAC84881} = {3C082DCE-3D2C-43FC-943D-9A79326D02E3}
		{56A79706-420B-4AEF-8D9F-AD3443906F69} = {0FF4290E-5A6D-4EED-8C3C-134A5391E2E2}
		{6A298891-B59D-43F6-AAC3-5C21503AA3E5} = {3C082DCE-3D2C-43FC-943D-9A79326D02E3}
		{C670C92E-DA3D-4155-AB77-AB067111F3E0} = {C83C800C-AF2F-4412-8579-D2EB13FEFF36}
	EndGlobalSection
EndGlobal
